
Microsoft Visual Studio Solution File, Format Version 12.00
# Visual Studio 15
VisualStudioVersion = 15.0.28010.2016
MinimumVisualStudioVersion = 10.0.40219.1
Project("{FAE04EC0-301F-11D3-BF4B-00C04F79EFBC}") = "SpellChecker", "SpellChecker\SpellChecker.csproj", "{626BAAEB-0269-4043-8EA3-0160E08987E1}"
EndProject
Project("{FAE04EC0-301F-11D3-BF4B-00C04F79EFBC}") = "SpellChecker.UnitTests", "SpellChecker.UnitTests\SpellChecker.UnitTests.csproj", "{C909B839-C9EC-44C0-86A6-F03C97419962}"
EndProject
Project("{2150E333-8FDC-42A3-9474-1A3956D46DE8}") = "Solution Items", "Solution Items", "{A90A104A-6AB3-4FE3-BBFB-0D2AC1F4DE56}"
	ProjectSection(SolutionItems) = preProject
		SpellChecker.exe = SpellChecker.exe
	EndProjectSection
EndProject
Global
	GlobalSection(SolutionConfigurationPlatforms) = preSolution
		Debug|Any CPU = Debug|Any CPU
		Release|Any CPU = Release|Any CPU
	EndGlobalSection
	GlobalSection(ProjectConfigurationPlatforms) = postSolution
		{626BAAEB-0269-4043-8EA3-0160E08987E1}.Debug|Any CPU.ActiveCfg = Debug|Any CPU
		{626BAAEB-0269-4043-8EA3-0160E08987E1}.Debug|Any CPU.Build.0 = Debug|Any CPU
		{626BAAEB-0269-4043-8EA3-0160E08987E1}.Release|Any CPU.ActiveCfg = Release|Any CPU
		{626BAAEB-0269-4043-8EA3-0160E08987E1}.Release|Any CPU.Build.0 = Release|Any CPU
		{C909B839-C9EC-44C0-86A6-F03C97419962}.Debug|Any CPU.ActiveCfg = Debug|Any CPU
		{C909B839-C9EC-44C0-86A6-F03C97419962}.Debug|Any CPU.Build.0 = Debug|Any CPU
		{C909B839-C9EC-44C0-86A6-F03C97419962}.Release|Any CPU.ActiveCfg = Release|Any CPU
		{C909B839-C9EC-44C0-86A6-F03C97419962}.Release|Any CPU.Build.0 = Release|Any CPU
	EndGlobalSection
	GlobalSection(SolutionProperties) = preSolution
		HideSolutionNode = FALSE
	EndGlobalSection
	GlobalSection(ExtensibilityGlobals) = postSolution
		SolutionGuid = {2E730C6F-44FC-4B32-AFA5-F9FD8FA077F9}
	EndGlobalSection
EndGlobal
